<?xml version="1.0" encoding="utf-8"?>
<Project ToolsVersion="4.0" xmlns="http://schemas.microsoft.com/developer/msbuild/2003">
  <ItemGroup>
    <Filter Include="Source Files">
      <UniqueIdentifier>{4FC737F1-C7A5-4376-A066-2A32D752A2FF}</UniqueIdentifier>
      <Extensions>cpp;c;cc;cxx;c++;cppm;ixx;def;odl;idl;hpj;bat;asm;asmx</Extensions>
    </Filter>
    <Filter Include="Header Files">
      <UniqueIdentifier>{93995380-89BD-4b04-88EB-625FBE52EBFB}</UniqueIdentifier>
      <Extensions>h;hh;hpp;hxx;h++;hm;inl;inc;ipp;xsd</Extensions>
    </Filter>
    <Filter Include="Resource Files">
      <UniqueIdentifier>{67DA6AB6-F800-4c08-8B7A-83BB121AAD01}</UniqueIdentifier>
      <Extensions>rc;ico;cur;bmp;dlg;rc2;rct;bin;rgs;gif;jpg;jpeg;jpe;resx;tiff;tif;png;wav;mfcribbon-ms</Extensions>
    </Filter>
    <Filter Include="Header Files\TestHelpers">
      <UniqueIdentifier>{a633ea76-3550-4c8a-8138-1ade1c5a9ef7}</UniqueIdentifier>
    </Filter>
    <Filter Include="Header Files\Fakes">
      <UniqueIdentifier>{d22f6505-c02b-413d-8ef8-8d131e0e56c0}</UniqueIdentifier>
    </Filter>
    <Filter Include="Source Files\Fakes">
      <UniqueIdentifier>{115ad799-e0c1-4426-918a-4d4004f56b49}</UniqueIdentifier>
    </Filter>
  </ItemGroup>
  <ItemGroup>
    <ClInclude Include="Code\TestHelpers\TestFilesystemHelpers.h">
      <Filter>Header Files\TestHelpers</Filter>
    </ClInclude>
    <ClInclude Include="Code\TestHelpers\TestDefaultLoggerHelper.h">
      <Filter>Header Files\TestHelpers</Filter>
    </ClInclude>
    <ClInclude Include="Code\Fakes\FakeLoadableResource.h">
      <Filter>Header Files\Fakes</Filter>
    </ClInclude>
    <ClInclude Include="Code\Fakes\FakeGameState.h">
      <Filter>Header Files\Fakes</Filter>
    </ClInclude>
  </ItemGroup>
  <ItemGroup>
    <ClCompile Include="Code\TestHelpers\TestSupport.cpp">
      <Filter>Source Files</Filter>
    </ClCompile>
    <ClCompile Include="Code\Fakes\FakeGameState.cpp">
      <Filter>Source Files\Fakes</Filter>
    </ClCompile>
  </ItemGroup>
</Project>