<?xml version="1.0" encoding="utf-8"?>
<Project ToolsVersion="4.0" xmlns="http://schemas.microsoft.com/developer/msbuild/2003">
  <ItemGroup>
    <Filter Include="Source Files">
      <UniqueIdentifier>{4FC737F1-C7A5-4376-A066-2A32D752A2FF}</UniqueIdentifier>
      <Extensions>cpp;c;cc;cxx;c++;cppm;ixx;def;odl;idl;hpj;bat;asm;asmx</Extensions>
    </Filter>
    <Filter Include="Header Files">
      <UniqueIdentifier>{93995380-89BD-4b04-88EB-625FBE52EBFB}</UniqueIdentifier>
      <Extensions>h;hh;hpp;hxx;h++;hm;inl;inc;ipp;xsd</Extensions>
    </Filter>
    <Filter Include="Resource Files">
      <UniqueIdentifier>{67DA6AB6-F800-4c08-8B7A-83BB121AAD01}</UniqueIdentifier>
      <Extensions>rc;ico;cur;bmp;dlg;rc2;rct;bin;rgs;gif;jpg;jpeg;jpe;resx;tiff;tif;png;wav;mfcribbon-ms</Extensions>
    </Filter>
    <Filter Include="Header Files\TestHelpers">
      <UniqueIdentifier>{a633ea76-3550-4c8a-8138-1ade1c5a9ef7}</UniqueIdentifier>
    </Filter>
    <Filter Include="Header Files\Fakes">
      <UniqueIdentifier>{d22f6505-c02b-413d-8ef8-8d131e0e56c0}</UniqueIdentifier>
    </Filter>
    <Filter Include="Source Files\Fakes">
      <UniqueIdentifier>{115ad799-e0c1-4426-918a-4d4004f56b49}</UniqueIdentifier>
    </Filter>
    <Filter Include="Header Files\Fakes\Input">
      <UniqueIdentifier>{5ea9abf8-554b-4a96-a1d6-8378c631fe79}</UniqueIdentifier>
    </Filter>
    <Filter Include="Header Files\Fakes\Resources">
      <UniqueIdentifier>{34412d80-9a83-4a65-9c76-a0ab8ed8ca01}</UniqueIdentifier>
    </Filter>
    <Filter Include="Header Files\Fakes\States">
      <UniqueIdentifier>{8481ea94-e6e5-4cb0-b107-3282f8c66b47}</UniqueIdentifier>
    </Filter>
    <Filter Include="Source Files\Fakes\States">
      <UniqueIdentifier>{95e0f0de-86b5-4bd8-a91e-c4137e8bbbc2}</UniqueIdentifier>
    </Filter>
    <Filter Include="Header Files\Fakes\Scenes">
      <UniqueIdentifier>{9c5a7f84-3770-42fd-a004-d36211521d44}</UniqueIdentifier>
    </Filter>
    <Filter Include="Header Files\Fakes\Renderer">
      <UniqueIdentifier>{d7be28ae-5634-4470-9288-f4dac5ec4f59}</UniqueIdentifier>
    </Filter>
    <Filter Include="Header Files\Fakes\Collisions">
      <UniqueIdentifier>{7dc8cf00-c604-496c-ae0f-18721020e0b9}</UniqueIdentifier>
    </Filter>
    <Filter Include="Header Files\Fakes\Drawables">
      <UniqueIdentifier>{9701225e-3194-4f7d-a2d7-dbcc9007c3a9}</UniqueIdentifier>
    </Filter>
    <Filter Include="Header Files\Fakes\GameObjects">
      <UniqueIdentifier>{c8436a4e-592d-4364-81f9-b6bfddb8ce0c}</UniqueIdentifier>
    </Filter>
  </ItemGroup>
  <ItemGroup>
    <ClInclude Include="Code\TestHelpers\TestFilesystemHelpers.h">
      <Filter>Header Files\TestHelpers</Filter>
    </ClInclude>
    <ClInclude Include="Code\TestHelpers\TestDefaultLoggerHelper.h">
      <Filter>Header Files\TestHelpers</Filter>
    </ClInclude>
    <ClInclude Include="Code\Fakes\Input\FakeKeyConverter.h">
      <Filter>Header Files\Fakes\Input</Filter>
    </ClInclude>
    <ClInclude Include="Code\Fakes\Resources\FakeLoadableResource.h">
      <Filter>Header Files\Fakes\Resources</Filter>
    </ClInclude>
    <ClInclude Include="Code\Fakes\States\FakeGameState.h">
      <Filter>Header Files\Fakes\States</Filter>
    </ClInclude>
    <ClInclude Include="Code\Fakes\Scenes\FakeScene.h">
      <Filter>Header Files\Fakes\Scenes</Filter>
    </ClInclude>
    <ClInclude Include="Code\Fakes\Renderer\FakeCamera.h">
      <Filter>Header Files\Fakes\Renderer</Filter>
    </ClInclude>
    <ClInclude Include="Code\Fakes\Collisions\FakeTile.h">
      <Filter>Header Files\Fakes\Collisions</Filter>
    </ClInclude>
    <ClInclude Include="Code\Fakes\Collisions\FakeGrid.h">
      <Filter>Header Files\Fakes\Collisions</Filter>
    </ClInclude>
    <ClInclude Include="Code\Fakes\Renderer\FakeRenderer.h">
      <Filter>Header Files\Fakes\Renderer</Filter>
    </ClInclude>
    <ClInclude Include="Code\Fakes\Drawables\FakeShape.h">
      <Filter>Header Files\Fakes\Drawables</Filter>
    </ClInclude>
    <ClInclude Include="Code\Fakes\Drawables\FakeDrawable.h">
      <Filter>Header Files\Fakes\Drawables</Filter>
    </ClInclude>
    <ClInclude Include="Code\Fakes\Drawables\FakeSprite.h">
      <Filter>Header Files\Fakes\Drawables</Filter>
    </ClInclude>
    <ClInclude Include="Code\Fakes\Collisions\FakeCollisionManager.h">
      <Filter>Header Files\Fakes\Collisions</Filter>
    </ClInclude>
    <ClInclude Include="Code\Fakes\GameObjects\FakeGameObject.h">
      <Filter>Header Files\Fakes\GameObjects</Filter>
    </ClInclude>
  </ItemGroup>
  <ItemGroup>
    <ClCompile Include="Code\TestHelpers\TestSupport.cpp">
      <Filter>Source Files</Filter>
    </ClCompile>
    <ClCompile Include="Code\Fakes\States\FakeGameState.cpp">
      <Filter>Source Files\Fakes\States</Filter>
    </ClCompile>
  </ItemGroup>
</Project>